{
  "name": "@stencila/dev-config",
  "version": "1.0.0",
  "lockfileVersion": 1,
  "requires": true,
  "dependencies": {
    "@commitlint/config-conventional": {
      "version": "8.0.0",
      "resolved": "https://registry.npmjs.org/@commitlint/config-conventional/-/config-conventional-8.0.0.tgz",
      "integrity": "sha512-umg1irroowOV+x8oZPBw8woCogZO5MFKUYQq+fRZvhowoSwDHXYILP3ETcdHUgvytw/K/a8Xvu7iCypK6oZQ+g=="
    },
    "detect-indent": {
      "version": "5.0.0",
      "resolved": "https://registry.npmjs.org/detect-indent/-/detect-indent-5.0.0.tgz",
      "integrity": "sha1-OHHMCmoALow+Wzz38zYmRnXwa50="
    },
    "graceful-fs": {
      "version": "4.1.15",
      "resolved": "https://registry.npmjs.org/graceful-fs/-/graceful-fs-4.1.15.tgz",
      "integrity": "sha512-6uHUhOPEBgQ24HM+r6b/QwWfZq+yiFcipKFrOFiBEnWdy5sdzYoi+pJeQaPI5qOLRFqWmAXUPQNsielzdLoecA=="
    },
    "imurmurhash": {
      "version": "0.1.4",
      "resolved": "https://registry.npmjs.org/imurmurhash/-/imurmurhash-0.1.4.tgz",
      "integrity": "sha1-khi5srkoojixPcT7a21XbyMUU+o="
    },
    "is-plain-obj": {
      "version": "1.1.0",
      "resolved": "https://registry.npmjs.org/is-plain-obj/-/is-plain-obj-1.1.0.tgz",
      "integrity": "sha1-caUMhCnfync8kqOQpKA7OfzVHT4="
    },
    "make-dir": {
      "version": "2.1.0",
      "resolved": "https://registry.npmjs.org/make-dir/-/make-dir-2.1.0.tgz",
      "integrity": "sha512-LS9X+dc8KLxXCb8dni79fLIIUA5VyZoyjSMCwTluaXA0o27cCK0bhXkpgw+sTXVpPy/lSO57ilRixqk0vDmtRA==",
      "requires": {
        "pify": "^4.0.1",
        "semver": "^5.6.0"
      }
    },
    "pify": {
      "version": "4.0.1",
      "resolved": "https://registry.npmjs.org/pify/-/pify-4.0.1.tgz",
      "integrity": "sha512-uB80kBFb/tfd68bVleG9T5GGsGPjJrLAUpR5PZIrhBnIaRTQRjqdJSsIKkOP6OAIFbj7GOrcudc5pNjZ+geV2g=="
    },
    "semver": {
      "version": "5.7.0",
      "resolved": "https://registry.npmjs.org/semver/-/semver-5.7.0.tgz",
      "integrity": "sha512-Ya52jSX2u7QKghxeoFGpLwCtGlt7j0oY9DYb5apt9nPlJ42ID+ulTXESnt/qAQcoSERyZ5sl3LDIOw0nAn/5DA=="
    },
    "signal-exit": {
      "version": "3.0.2",
      "resolved": "https://registry.npmjs.org/signal-exit/-/signal-exit-3.0.2.tgz",
      "integrity": "sha1-tf3AjxKH6hF4Yo5BXiUTK3NkbG0="
    },
    "sort-keys": {
      "version": "2.0.0",
      "resolved": "https://registry.npmjs.org/sort-keys/-/sort-keys-2.0.0.tgz",
      "integrity": "sha1-ZYU1WEhh7JfXMNbPQYIuH1ZoQSg=",
      "requires": {
        "is-plain-obj": "^1.0.0"
      }
    },
    "type-fest": {
      "version": "0.4.1",
      "resolved": "https://registry.npmjs.org/type-fest/-/type-fest-0.4.1.tgz",
      "integrity": "sha512-IwzA/LSfD2vC1/YDYMv/zHP4rDF1usCwllsDpbolT3D4fUepIO7f9K70jjmUewU/LmGUKJcwcVtDCpnKk4BPMw=="
    },
    "write-file-atomic": {
      "version": "2.4.3",
      "resolved": "https://registry.npmjs.org/write-file-atomic/-/write-file-atomic-2.4.3.tgz",
      "integrity": "sha512-GaETH5wwsX+GcnzhPgKcKjJ6M2Cq3/iZp1WyY/X1CSqrW+jVNM9Y7D8EC2sM4ZG/V8wZlSniJnCKWPmBYAucRQ==",
      "requires": {
        "graceful-fs": "^4.1.11",
        "imurmurhash": "^0.1.4",
        "signal-exit": "^3.0.2"
      }
    },
    "write-json-file": {
      "version": "3.2.0",
      "resolved": "https://registry.npmjs.org/write-json-file/-/write-json-file-3.2.0.tgz",
      "integrity": "sha512-3xZqT7Byc2uORAatYiP3DHUUAVEkNOswEWNs9H5KXiicRTvzYzYqKjYc4G7p+8pltvAw641lVByKVtMpf+4sYQ==",
      "requires": {
        "detect-indent": "^5.0.0",
        "graceful-fs": "^4.1.15",
        "make-dir": "^2.1.0",
        "pify": "^4.0.1",
        "sort-keys": "^2.0.0",
        "write-file-atomic": "^2.4.2"
      }
    },
    "write-pkg": {
      "version": "4.0.0",
      "resolved": "https://registry.npmjs.org/write-pkg/-/write-pkg-4.0.0.tgz",
      "integrity": "sha512-v2UQ+50TNf2rNHJ8NyWttfm/EJUBWMJcx6ZTYZr6Qp52uuegWw/lBkCtCbnYZEmPRNL61m+u67dAmGxo+HTULA==",
      "requires": {
        "sort-keys": "^2.0.0",
        "type-fest": "^0.4.1",
        "write-json-file": "^3.2.0"
      }
    }
  }
}
